// !$*UTF8*$!
{
	archiveVersion = 1;
	classes = {
	};
	objectVersion = 46;
	objects = {

/* Begin PBXBuildFile section */
		A2E146F21D833F71007C08BC /* AppDelegate.swift in Sources */ = {isa = PBXBuildFile; fileRef = A2E146F11D833F71007C08BC /* AppDelegate.swift */; };
		A2E146F41D833F71007C08BC /* ViewController.swift in Sources */ = {isa = PBXBuildFile; fileRef = A2E146F31D833F71007C08BC /* ViewController.swift */; };
		A2E146F71D833F71007C08BC /* Main.storyboard in Resources */ = {isa = PBXBuildFile; fileRef = A2E146F51D833F71007C08BC /* Main.storyboard */; };
		A2E146F91D833F71007C08BC /* Assets.xcassets in Resources */ = {isa = PBXBuildFile; fileRef = A2E146F81D833F71007C08BC /* Assets.xcassets */; };
		A2E146FC1D833F71007C08BC /* LaunchScreen.storyboard in Resources */ = {isa = PBXBuildFile; fileRef = A2E146FA1D833F71007C08BC /* LaunchScreen.storyboard */; };
		A2E147071D833F71007C08BC /* CalculatorTests.swift in Sources */ = {isa = PBXBuildFile; fileRef = A2E147061D833F71007C08BC /* CalculatorTests.swift */; };
/* End PBXBuildFile section */

/* Begin PBXContainerItemProxy section */
		A2E147031D833F71007C08BC /* PBXContainerItemProxy */ = {
			isa = PBXContainerItemProxy;
			containerPortal = A2E146E61D833F71007C08BC /* Project object */;
			proxyType = 1;
			remoteGlobalIDString = A2E146ED1D833F71007C08BC;
			remoteInfo = Calculator;
		};
/* End PBXContainerItemProxy section */

/* Begin PBXFileReference section */
		A2E146EE1D833F71007C08BC /* Calculator.app */ = {isa = PBXFileReference; explicitFileType = wrapper.application; includeInIndex = 0; path = Calculator.app; sourceTree = BUILT_PRODUCTS_DIR; };
		A2E146F11D833F71007C08BC /* AppDelegate.swift */ = {isa = PBXFileReference; lastKnownFileType = sourcecode.swift; path = AppDelegate.swift; sourceTree = "<group>"; };
		A2E146F31D833F71007C08BC /* ViewController.swift */ = {isa = PBXFileReference; lastKnownFileType = sourcecode.swift; path = ViewController.swift; sourceTree = "<group>"; };
		A2E146F61D833F71007C08BC /* Base */ = {isa = PBXFileReference; lastKnownFileType = file.storyboard; name = Base; path = Base.lproj/Main.storyboard; sourceTree = "<group>"; };
		A2E146F81D833F71007C08BC /* Assets.xcassets */ = {isa = PBXFileReference; lastKnownFileType = folder.assetcatalog; path = Assets.xcassets; sourceTree = "<group>"; };
		A2E146FB1D833F71007C08BC /* Base */ = {isa = PBXFileReference; lastKnownFileType = file.storyboard; name = Base; path = Base.lproj/LaunchScreen.storyboard; sourceTree = "<group>"; };
		A2E146FD1D833F71007C08BC /* Info.plist */ = {isa = PBXFileReference; lastKnownFileType = text.plist.xml; path = Info.plist; sourceTree = "<group>"; };
		A2E147021D833F71007C08BC /* CalculatorTests.xctest */ = {isa = PBXFileReference; explicitFileType = wrapper.cfbundle; includeInIndex = 0; path = CalculatorTests.xctest; sourceTree = BUILT_PRODUCTS_DIR; };
		A2E147061D833F71007C08BC /* CalculatorTests.swift */ = {isa = PBXFileReference; lastKnownFileType = sourcecode.swift; path = CalculatorTests.swift; sourceTree = "<group>"; };
		A2E147081D833F71007C08BC /* Info.plist */ = {isa = PBXFileReference; lastKnownFileType = text.plist.xml; path = Info.plist; sourceTree = "<group>"; };
/* End PBXFileReference section */

/* Begin PBXFrameworksBuildPhase section */
		A2E146EB1D833F71007C08BC /* Frameworks */ = {
			isa = PBXFrameworksBuildPhase;
			buildActionMask = 2147483647;
			files = (
			);
			runOnlyForDeploymentPostprocessing = 0;
		};
		A2E146FF1D833F71007C08BC /* Frameworks */ = {
			isa = PBXFrameworksBuildPhase;
			buildActionMask = 2147483647;
			files = (
			);
			runOnlyForDeploymentPostprocessing = 0;
		};
/* End PBXFrameworksBuildPhase section */

/* Begin PBXGroup section */
		A2E146E51D833F71007C08BC = {
			isa = PBXGroup;
			children = (
				A2E146F01D833F71007C08BC /* Calculator */,
				A2E147051D833F71007C08BC /* CalculatorTests */,
				A2E146EF1D833F71007C08BC /* Products */,
			);
			sourceTree = "<group>";
		};
		A2E146EF1D833F71007C08BC /* Products */ = {
			isa = PBXGroup;
			children = (
				A2E146EE1D833F71007C08BC /* Calculator.app */,
				A2E147021D833F71007C08BC /* CalculatorTests.xctest */,
			);
			name = Products;
			sourceTree = "<group>";
		};
		A2E146F01D833F71007C08BC /* Calculator */ = {
			isa = PBXGroup;
			children = (
				A2E146F11D833F71007C08BC /* AppDelegate.swift */,
				A2E146F31D833F71007C08BC /* ViewController.swift */,
				A2E146F51D833F71007C08BC /* Main.storyboard */,
				A2E146F81D833F71007C08BC /* Assets.xcassets */,
				A2E146FA1D833F71007C08BC /* LaunchScreen.storyboard */,
				A2E146FD1D833F71007C08BC /* Info.plist */,
			);
			path = Calculator;
			sourceTree = "<group>";
		};
		A2E147051D833F71007C08BC /* CalculatorTests */ = {
			isa = PBXGroup;
			children = (
				A2E147061D833F71007C08BC /* CalculatorTests.swift */,
				A2E147081D833F71007C08BC /* Info.plist */,
			);
			path = CalculatorTests;
			sourceTree = "<group>";
		};
/* End PBXGroup section */

/* Begin PBXNativeTarget section */
		A2E146ED1D833F71007C08BC /* Calculator */ = {
			isa = PBXNativeTarget;
			buildConfigurationList = A2E1470B1D833F71007C08BC /* Build configuration list for PBXNativeTarget "Calculator" */;
			buildPhases = (
				A2E146EA1D833F71007C08BC /* Sources */,
				A2E146EB1D833F71007C08BC /* Frameworks */,
				A2E146EC1D833F71007C08BC /* Resources */,
			);
			buildRules = (
			);
			dependencies = (
			);
			name = Calculator;
			productName = Calculator;
			productReference = A2E146EE1D833F71007C08BC /* Calculator.app */;
			productType = "com.apple.product-type.application";
		};
		A2E147011D833F71007C08BC /* CalculatorTests */ = {
			isa = PBXNativeTarget;
			buildConfigurationList = A2E1470E1D833F71007C08BC /* Build configuration list for PBXNativeTarget "CalculatorTests" */;
			buildPhases = (
				A2E146FE1D833F71007C08BC /* Sources */,
				A2E146FF1D833F71007C08BC /* Frameworks */,
				A2E147001D833F71007C08BC /* Resources */,
			);
			buildRules = (
			);
			dependencies = (
				A2E147041D833F71007C08BC /* PBXTargetDependency */,
			);
			name = CalculatorTests;
			productName = CalculatorTests;
			productReference = A2E147021D833F71007C08BC /* CalculatorTests.xctest */;
			productType = "com.apple.product-type.bundle.unit-test";
		};
/* End PBXNativeTarget section */

/* Begin PBXProject section */
		A2E146E61D833F71007C08BC /* Project object */ = {
			isa = PBXProject;
			attributes = {
				LastSwiftUpdateCheck = 0730;
				LastUpgradeCheck = 0730;
				ORGANIZATIONNAME = "Flatiron School";
				TargetAttributes = {
					A2E146ED1D833F71007C08BC = {
						CreatedOnToolsVersion = 7.3.1;
					};
					A2E147011D833F71007C08BC = {
						CreatedOnToolsVersion = 7.3.1;
						TestTargetID = A2E146ED1D833F71007C08BC;
					};
				};
			};
			buildConfigurationList = A2E146E91D833F71007C08BC /* Build configuration list for PBXProject "Calculator" */;
			compatibilityVersion = "Xcode 3.2";
			developmentRegion = English;
			hasScannedForEncodings = 0;
			knownRegions = (
				en,
				Base,
			);
			mainGroup = A2E146E51D833F71007C08BC;
			productRefGroup = A2E146EF1D833F71007C08BC /* Products */;
			projectDirPath = "";
			projectRoot = "";
			targets = (
				A2E146ED1D833F71007C08BC /* Calculator */,
				A2E147011D833F71007C08BC /* CalculatorTests */,
			);
		};
/* End PBXProject section */

/* Begin PBXResourcesBuildPhase section */
		A2E146EC1D833F71007C08BC /* Resources */ = {
			isa = PBXResourcesBuildPhase;
			buildActionMask = 2147483647;
			files = (
				A2E146FC1D833F71007C08BC /* LaunchScreen.storyboard in Resources */,
				A2E146F91D833F71007C08BC /* Assets.xcassets in Resources */,
				A2E146F71D833F71007C08BC /* Main.storyboard in Resources */,
			);
			runOnlyForDeploymentPostprocessing = 0;
		};
		A2E147001D833F71007C08BC /* Resources */ = {
			isa = PBXResourcesBuildPhase;
			buildActionMask = 2147483647;
			files = (
			);
			runOnlyForDeploymentPostprocessing = 0;
		};
/* End PBXResourcesBuildPhase section */

/* Begin PBXSourcesBuildPhase section */
		A2E146EA1D833F71007C08BC /* Sources */ = {
			isa = PBXSourcesBuildPhase;
			buildActionMask = 2147483647;
			files = (
				A2E146F41D833F71007C08BC /* ViewController.swift in Sources */,
				A2E146F21D833F71007C08BC /* AppDelegate.swift in Sources */,
			);
			runOnlyForDeploymentPostprocessing = 0;
		};
		A2E146FE1D833F71007C08BC /* Sources */ = {
			isa = PBXSourcesBuildPhase;
			buildActionMask = 2147483647;
			files = (
				A2E147071D833F71007C08BC /* CalculatorTests.swift in Sources */,
			);
			runOnlyForDeploymentPostprocessing = 0;
		};
/* End PBXSourcesBuildPhase section */

/* Begin PBXTargetDependency section */
		A2E147041D833F71007C08BC /* PBXTargetDependency */ = {
			isa = PBXTargetDependency;
			target = A2E146ED1D833F71007C08BC /* Calculator */;
			targetProxy = A2E147031D833F71007C08BC /* PBXContainerItemProxy */;
		};
/* End PBXTargetDependency section */

/* Begin PBXVariantGroup section */
		A2E146F51D833F71007C08BC /* Main.storyboard */ = {
			isa = PBXVariantGroup;
			children = (
				A2E146F61D833F71007C08BC /* Base */,
			);
			name = Main.storyboard;
			sourceTree = "<group>";
		};
		A2E146FA1D833F71007C08BC /* LaunchScreen.storyboard */ = {
			isa = PBXVariantGroup;
			children = (
				A2E146FB1D833F71007C08BC /* Base */,
			);
			name = LaunchScreen.storyboard;
			sourceTree = "<group>";
		};
/* End PBXVariantGroup section */

/* Begin XCBuildConfiguration section */
		A2E147091D833F71007C08BC /* Debug */ = {
			isa = XCBuildConfiguration;
			buildSettings = {
				ALWAYS_SEARCH_USER_PATHS = NO;
				CLANG_ANALYZER_NONNULL = YES;
				CLANG_CXX_LANGUAGE_STANDARD = "gnu++0x";
				CLANG_CXX_LIBRARY = "libc++";
				CLANG_ENABLE_MODULES = YES;
				CLANG_ENABLE_OBJC_ARC = YES;
				CLANG_WARN_BOOL_CONVERSION = YES;
				CLANG_WARN_CONSTANT_CONVERSION = YES;
				CLANG_WARN_DIRECT_OBJC_ISA_USAGE = YES_ERROR;
				CLANG_WARN_EMPTY_BODY = YES;
				CLANG_WARN_ENUM_CONVERSION = YES;
				CLANG_WARN_INT_CONVERSION = YES;
				CLANG_WARN_OBJC_ROOT_CLASS = YES_ERROR;
				CLANG_WARN_UNREACHABLE_CODE = YES;
				CLANG_WARN__DUPLICATE_METHOD_MATCH = YES;
				"CODE_SIGN_IDENTITY[sdk=iphoneos*]" = "iPhone Developer";
				COPY_PHASE_STRIP = NO;
				DEBUG_INFORMATION_FORMAT = dwarf;
				ENABLE_STRICT_OBJC_MSGSEND = YES;
				ENABLE_TESTABILITY = YES;
				GCC_C_LANGUAGE_STANDARD = gnu99;
				GCC_DYNAMIC_NO_PIC = NO;
				GCC_NO_COMMON_BLOCKS = YES;
				GCC_OPTIMIZATION_LEVEL = 0;
				GCC_PREPROCESSOR_DEFINITIONS = (
					"DEBUG=1",
					"$(inherited)",
				);
				GCC_WARN_64_TO_32_BIT_CONVERSION = YES;
				GCC_WARN_ABOUT_RETURN_TYPE = YES_ERROR;
				GCC_WARN_UNDECLARED_SELECTOR = YES;
				GCC_WARN_UNINITIALIZED_AUTOS = YES_AGGRESSIVE;
				GCC_WARN_UNUSED_FUNCTION = YES;
				GCC_WARN_UNUSED_VARIABLE = YES;
				IPHONEOS_DEPLOYMENT_TARGET = 9.3;
				MTL_ENABLE_DEBUG_INFO = YES;
				ONLY_ACTIVE_ARCH = YES;
				SDKROOT = iphoneos;
				SWIFT_OPTIMIZATION_LEVEL = "-Onone";
			};
			name = Debug;
		};
		A2E1470A1D833F71007C08BC /* Release */ = {
			isa = XCBuildConfiguration;
			buildSettings = {
				ALWAYS_SEARCH_USER_PATHS = NO;
				CLANG_ANALYZER_NONNULL = YES;
				CLANG_CXX_LANGUAGE_STANDARD = "gnu++0x";
				CLANG_CXX_LIBRARY = "libc++";
				CLANG_ENABLE_MODULES = YES;
				CLANG_ENABLE_OBJC_ARC = YES;
				CLANG_WARN_BOOL_CONVERSION = YES;
				CLANG_WARN_CONSTANT_CONVERSION = YES;
				CLANG_WARN_DIRECT_OBJC_ISA_USAGE = YES_ERROR;
				CLANG_WARN_EMPTY_BODY = YES;
				CLANG_WARN_ENUM_CONVERSION = YES;
				CLANG_WARN_INT_CONVERSION = YES;
				CLANG_WARN_OBJC_ROOT_CLASS = YES_ERROR;
				CLANG_WARN_UNREACHABLE_CODE = YES;
				CLANG_WARN__DUPLICATE_METHOD_MATCH = YES;
				"CODE_SIGN_IDENTITY[sdk=iphoneos*]" = "iPhone Developer";
				COPY_PHASE_STRIP = NO;
				DEBUG_INFORMATION_FORMAT = "dwarf-with-dsym";
				ENABLE_NS_ASSERTIONS = NO;
				ENABLE_STRICT_OBJC_MSGSEND = YES;
				GCC_C_LANGUAGE_STANDARD = gnu99;
				GCC_NO_COMMON_BLOCKS = YES;
				GCC_WARN_64_TO_32_BIT_CONVERSION = YES;
				GCC_WARN_ABOUT_RETURN_TYPE = YES_ERROR;
				GCC_WARN_UNDECLARED_SELECTOR = YES;
				GCC_WARN_UNINITIALIZED_AUTOS = YES_AGGRESSIVE;
				GCC_WARN_UNUSED_FUNCTION = YES;
				GCC_WARN_UNUSED_VARIABLE = YES;
				IPHONEOS_DEPLOYMENT_TARGET = 9.3;
				MTL_ENABLE_DEBUG_INFO = NO;
				SDKROOT = iphoneos;
				VALIDATE_PRODUCT = YES;
			};
			name = Release;
		};
		A2E1470C1D833F71007C08BC /* Debug */ = {
			isa = XCBuildConfiguration;
			buildSettings = {
				ASSETCATALOG_COMPILER_APPICON_NAME = AppIcon;
				INFOPLIST_FILE = Calculator/Info.plist;
				LD_RUNPATH_SEARCH_PATHS = "$(inherited) @executable_path/Frameworks";
				PRODUCT_BUNDLE_IDENTIFIER = com.flatironschool.Calculator;
				PRODUCT_NAME = "$(TARGET_NAME)";
			};
			name = Debug;
		};
		A2E1470D1D833F71007C08BC /* Release */ = {
			isa = XCBuildConfiguration;
			buildSettings = {
				ASSETCATALOG_COMPILER_APPICON_NAME = AppIcon;
				INFOPLIST_FILE = Calculator/Info.plist;
				LD_RUNPATH_SEARCH_PATHS = "$(inherited) @executable_path/Frameworks";
				PRODUCT_BUNDLE_IDENTIFIER = com.flatironschool.Calculator;
				PRODUCT_NAME = "$(TARGET_NAME)";
			};
			name = Release;
		};
		A2E1470F1D833F71007C08BC /* Debug */ = {
			isa = XCBuildConfiguration;
			buildSettings = {
				BUNDLE_LOADER = "$(TEST_HOST)";
				INFOPLIST_FILE = CalculatorTests/Info.plist;
				LD_RUNPATH_SEARCH_PATHS = "$(inherited) @executable_path/Frameworks @loader_path/Frameworks";
				PRODUCT_BUNDLE_IDENTIFIER = com.flatironschool.CalculatorTests;
				PRODUCT_NAME = "$(TARGET_NAME)";
				TEST_HOST = "$(BUILT_PRODUCTS_DIR)/Calculator.app/Calculator";
			};
			name = Debug;
		};
		A2E147101D833F71007C08BC /* Release */ = {
			isa = XCBuildConfiguration;
			buildSettings = {
				BUNDLE_LOADER = "$(TEST_HOST)";
				INFOPLIST_FILE = CalculatorTests/Info.plist;
				LD_RUNPATH_SEARCH_PATHS = "$(inherited) @executable_path/Frameworks @loader_path/Frameworks";
				PRODUCT_BUNDLE_IDENTIFIER = com.flatironschool.CalculatorTests;
				PRODUCT_NAME = "$(TARGET_NAME)";
				TEST_HOST = "$(BUILT_PRODUCTS_DIR)/Calculator.app/Calculator";
			};
			name = Release;
		};
/* End XCBuildConfiguration section */

/* Begin XCConfigurationList section */
		A2E146E91D833F71007C08BC /* Build configuration list for PBXProject "Calculator" */ = {
			isa = XCConfigurationList;
			buildConfigurations = (
				A2E147091D833F71007C08BC /* Debug */,
				A2E1470A1D833F71007C08BC /* Release */,
			);
			defaultConfigurationIsVisible = 0;
			defaultConfigurationName = Release;
		};
		A2E1470B1D833F71007C08BC /* Build configuration list for PBXNativeTarget "Calculator" */ = {
			isa = XCConfigurationList;
			buildConfigurations = (
				A2E1470C1D833F71007C08BC /* Debug */,
				A2E1470D1D833F71007C08BC /* Release */,
			);
			defaultConfigurationIsVisible = 0;
		};
		A2E1470E1D833F71007C08BC /* Build configuration list for PBXNativeTarget "CalculatorTests" */ = {
			isa = XCConfigurationList;
			buildConfigurations = (
				A2E1470F1D833F71007C08BC /* Debug */,
				A2E147101D833F71007C08BC /* Release */,
			);
			defaultConfigurationIsVisible = 0;
		};
/* End XCConfigurationList section */
	};
	rootObject = A2E146E61D833F71007C08BC /* Project object */;
}
